// !$*UTF8*$!
{
	archiveVersion = 1;
	classes = {
	};
	objectVersion = 46;
	objects = {

/* Begin PBXBuildFile section */
		BE50AB0A1E52BA8F001B1247 /* CRClock.cpp in Sources */ = {isa = PBXBuildFile; fileRef = BE50AAF21E52BA8F001B1247 /* CRClock.cpp */; };
		BE50AB0B1E52BA8F001B1247 /* CRClock.hpp in Headers */ = {isa = PBXBuildFile; fileRef = BE50AAF31E52BA8F001B1247 /* CRClock.hpp */; };
		BE50AB0C1E52BA8F001B1247 /* CRSignalType.hpp in Headers */ = {isa = PBXBuildFile; fileRef = BE50AAF41E52BA8F001B1247 /* CRSignalType.hpp */; };
		BE50AB0E1E52BA8F001B1247 /* CoreRobotics.hpp in Headers */ = {isa = PBXBuildFile; fileRef = BE50AAF61E52BA8F001B1247 /* CoreRobotics.hpp */; };
		BE50AB111E52BA8F001B1247 /* CRManipulator.cpp in Sources */ = {isa = PBXBuildFile; fileRef = BE50AAFC1E52BA8F001B1247 /* CRManipulator.cpp */; };
		BE50AB121E52BA8F001B1247 /* CRManipulator.hpp in Headers */ = {isa = PBXBuildFile; fileRef = BE50AAFD1E52BA8F001B1247 /* CRManipulator.hpp */; };
		BE50AB141E52BA8F001B1247 /* CRFrame.cpp in Sources */ = {isa = PBXBuildFile; fileRef = BE50AB001E52BA8F001B1247 /* CRFrame.cpp */; };
		BE50AB151E52BA8F001B1247 /* CRFrame.hpp in Headers */ = {isa = PBXBuildFile; fileRef = BE50AB011E52BA8F001B1247 /* CRFrame.hpp */; };
		BE50AB161E52BA8F001B1247 /* CRFrameDh.cpp in Sources */ = {isa = PBXBuildFile; fileRef = BE50AB021E52BA8F001B1247 /* CRFrameDh.cpp */; };
		BE50AB171E52BA8F001B1247 /* CRFrameDh.hpp in Headers */ = {isa = PBXBuildFile; fileRef = BE50AB031E52BA8F001B1247 /* CRFrameDh.hpp */; };
		BE50AB181E52BA8F001B1247 /* CRFrameEuler.cpp in Sources */ = {isa = PBXBuildFile; fileRef = BE50AB041E52BA8F001B1247 /* CRFrameEuler.cpp */; };
		BE50AB191E52BA8F001B1247 /* CRFrameEuler.hpp in Headers */ = {isa = PBXBuildFile; fileRef = BE50AB051E52BA8F001B1247 /* CRFrameEuler.hpp */; };
		BE50AB1A1E52BA8F001B1247 /* CRRigidBody.cpp in Sources */ = {isa = PBXBuildFile; fileRef = BE50AB061E52BA8F001B1247 /* CRRigidBody.cpp */; };
		BE50AB1B1E52BA8F001B1247 /* CRRigidBody.hpp in Headers */ = {isa = PBXBuildFile; fileRef = BE50AB071E52BA8F001B1247 /* CRRigidBody.hpp */; };
/* End PBXBuildFile section */

/* Begin PBXFileReference section */
		BE1EA9EB1E52BA57001A592F /* libCoreRobotics.dylib */ = {isa = PBXFileReference; explicitFileType = "compiled.mach-o.dylib"; includeInIndex = 0; path = libCoreRobotics.dylib; sourceTree = BUILT_PRODUCTS_DIR; };
		BE50AAF21E52BA8F001B1247 /* CRClock.cpp */ = {isa = PBXFileReference; fileEncoding = 4; lastKnownFileType = sourcecode.cpp.cpp; path = CRClock.cpp; sourceTree = "<group>"; };
		BE50AAF31E52BA8F001B1247 /* CRClock.hpp */ = {isa = PBXFileReference; fileEncoding = 4; lastKnownFileType = sourcecode.cpp.h; path = CRClock.hpp; sourceTree = "<group>"; };
		BE50AAF41E52BA8F001B1247 /* CRSignalType.hpp */ = {isa = PBXFileReference; fileEncoding = 4; lastKnownFileType = sourcecode.cpp.h; path = CRSignalType.hpp; sourceTree = "<group>"; };
		BE50AAF61E52BA8F001B1247 /* CoreRobotics.hpp */ = {isa = PBXFileReference; fileEncoding = 4; lastKnownFileType = sourcecode.cpp.h; path = CoreRobotics.hpp; sourceTree = "<group>"; };
		BE50AAFC1E52BA8F001B1247 /* CRManipulator.cpp */ = {isa = PBXFileReference; fileEncoding = 4; lastKnownFileType = sourcecode.cpp.cpp; path = CRManipulator.cpp; sourceTree = "<group>"; };
		BE50AAFD1E52BA8F001B1247 /* CRManipulator.hpp */ = {isa = PBXFileReference; fileEncoding = 4; lastKnownFileType = sourcecode.cpp.h; path = CRManipulator.hpp; sourceTree = "<group>"; };
		BE50AB001E52BA8F001B1247 /* CRFrame.cpp */ = {isa = PBXFileReference; fileEncoding = 4; lastKnownFileType = sourcecode.cpp.cpp; path = CRFrame.cpp; sourceTree = "<group>"; };
		BE50AB011E52BA8F001B1247 /* CRFrame.hpp */ = {isa = PBXFileReference; fileEncoding = 4; lastKnownFileType = sourcecode.cpp.h; path = CRFrame.hpp; sourceTree = "<group>"; };
		BE50AB021E52BA8F001B1247 /* CRFrameDh.cpp */ = {isa = PBXFileReference; fileEncoding = 4; lastKnownFileType = sourcecode.cpp.cpp; path = CRFrameDh.cpp; sourceTree = "<group>"; };
		BE50AB031E52BA8F001B1247 /* CRFrameDh.hpp */ = {isa = PBXFileReference; fileEncoding = 4; lastKnownFileType = sourcecode.cpp.h; path = CRFrameDh.hpp; sourceTree = "<group>"; };
		BE50AB041E52BA8F001B1247 /* CRFrameEuler.cpp */ = {isa = PBXFileReference; fileEncoding = 4; lastKnownFileType = sourcecode.cpp.cpp; path = CRFrameEuler.cpp; sourceTree = "<group>"; };
		BE50AB051E52BA8F001B1247 /* CRFrameEuler.hpp */ = {isa = PBXFileReference; fileEncoding = 4; lastKnownFileType = sourcecode.cpp.h; path = CRFrameEuler.hpp; sourceTree = "<group>"; };
		BE50AB061E52BA8F001B1247 /* CRRigidBody.cpp */ = {isa = PBXFileReference; fileEncoding = 4; lastKnownFileType = sourcecode.cpp.cpp; path = CRRigidBody.cpp; sourceTree = "<group>"; };
		BE50AB071E52BA8F001B1247 /* CRRigidBody.hpp */ = {isa = PBXFileReference; fileEncoding = 4; lastKnownFileType = sourcecode.cpp.h; path = CRRigidBody.hpp; sourceTree = "<group>"; };
/* End PBXFileReference section */

/* Begin PBXFrameworksBuildPhase section */
		BE1EA9E81E52BA57001A592F /* Frameworks */ = {
			isa = PBXFrameworksBuildPhase;
			buildActionMask = 2147483647;
			files = (
			);
			runOnlyForDeploymentPostprocessing = 0;
		};
/* End PBXFrameworksBuildPhase section */

/* Begin PBXGroup section */
		BE1EA9E21E52BA57001A592F = {
			isa = PBXGroup;
			children = (
				BE50AAEF1E52BA8F001B1247 /* src */,
				BE1EA9EC1E52BA57001A592F /* Products */,
			);
			sourceTree = "<group>";
		};
		BE1EA9EC1E52BA57001A592F /* Products */ = {
			isa = PBXGroup;
			children = (
				BE1EA9EB1E52BA57001A592F /* libCoreRobotics.dylib */,
			);
			name = Products;
			sourceTree = "<group>";
		};
		BE50AAEF1E52BA8F001B1247 /* src */ = {
			isa = PBXGroup;
			children = (
				BE50AAF01E52BA8F001B1247 /* controllers */,
				BE50AAF11E52BA8F001B1247 /* core */,
				BE50AAF61E52BA8F001B1247 /* CoreRobotics.hpp */,
				BE50AAF81E52BA8F001B1247 /* estimators */,
				BE50AAFA1E52BA8F001B1247 /* math */,
				BE50AAFB1E52BA8F001B1247 /* models */,
				BE50AAFF1E52BA8F001B1247 /* physics */,
				BE50AB091E52BA8F001B1247 /* world */,
			);
			path = src;
			sourceTree = "<group>";
		};
		BE50AAF01E52BA8F001B1247 /* controllers */ = {
			isa = PBXGroup;
			children = (
			);
			path = controllers;
			sourceTree = "<group>";
		};
		BE50AAF11E52BA8F001B1247 /* core */ = {
			isa = PBXGroup;
			children = (
				BE50AAF21E52BA8F001B1247 /* CRClock.cpp */,
				BE50AAF31E52BA8F001B1247 /* CRClock.hpp */,
				BE50AAF41E52BA8F001B1247 /* CRSignalType.hpp */,
			);
			path = core;
			sourceTree = "<group>";
		};
		BE50AAF81E52BA8F001B1247 /* estimators */ = {
			isa = PBXGroup;
			children = (
			);
			path = estimators;
			sourceTree = "<group>";
		};
		BE50AAFA1E52BA8F001B1247 /* math */ = {
			isa = PBXGroup;
			children = (
			);
			path = math;
			sourceTree = "<group>";
		};
		BE50AAFB1E52BA8F001B1247 /* models */ = {
			isa = PBXGroup;
			children = (
				BE50AAFC1E52BA8F001B1247 /* CRManipulator.cpp */,
				BE50AAFD1E52BA8F001B1247 /* CRManipulator.hpp */,
			);
			path = models;
			sourceTree = "<group>";
		};
		BE50AAFF1E52BA8F001B1247 /* physics */ = {
			isa = PBXGroup;
			children = (
				BE50AB001E52BA8F001B1247 /* CRFrame.cpp */,
				BE50AB011E52BA8F001B1247 /* CRFrame.hpp */,
				BE50AB021E52BA8F001B1247 /* CRFrameDh.cpp */,
				BE50AB031E52BA8F001B1247 /* CRFrameDh.hpp */,
				BE50AB041E52BA8F001B1247 /* CRFrameEuler.cpp */,
				BE50AB051E52BA8F001B1247 /* CRFrameEuler.hpp */,
				BE50AB061E52BA8F001B1247 /* CRRigidBody.cpp */,
				BE50AB071E52BA8F001B1247 /* CRRigidBody.hpp */,
			);
			path = physics;
			sourceTree = "<group>";
		};
		BE50AB091E52BA8F001B1247 /* world */ = {
			isa = PBXGroup;
			children = (
			);
			path = world;
			sourceTree = "<group>";
		};
/* End PBXGroup section */

/* Begin PBXHeadersBuildPhase section */
		BE1EA9E91E52BA57001A592F /* Headers */ = {
			isa = PBXHeadersBuildPhase;
			buildActionMask = 2147483647;
			files = (
				BE50AB121E52BA8F001B1247 /* CRManipulator.hpp in Headers */,
				BE50AB191E52BA8F001B1247 /* CRFrameEuler.hpp in Headers */,
				BE50AB171E52BA8F001B1247 /* CRFrameDh.hpp in Headers */,
				BE50AB151E52BA8F001B1247 /* CRFrame.hpp in Headers */,
				BE50AB0B1E52BA8F001B1247 /* CRClock.hpp in Headers */,
				BE50AB0C1E52BA8F001B1247 /* CRSignalType.hpp in Headers */,
				BE50AB0E1E52BA8F001B1247 /* CoreRobotics.hpp in Headers */,
				BE50AB1B1E52BA8F001B1247 /* CRRigidBody.hpp in Headers */,
			);
			runOnlyForDeploymentPostprocessing = 0;
		};
/* End PBXHeadersBuildPhase section */

/* Begin PBXNativeTarget section */
		BE1EA9EA1E52BA57001A592F /* CoreRobotics */ = {
			isa = PBXNativeTarget;
			buildConfigurationList = BE1EA9EF1E52BA57001A592F /* Build configuration list for PBXNativeTarget "CoreRobotics" */;
			buildPhases = (
				BE1EA9E71E52BA57001A592F /* Sources */,
				BE1EA9E81E52BA57001A592F /* Frameworks */,
				BE1EA9E91E52BA57001A592F /* Headers */,
			);
			buildRules = (
			);
			dependencies = (
			);
			name = CoreRobotics;
			productName = CoreRobotics;
			productReference = BE1EA9EB1E52BA57001A592F /* libCoreRobotics.dylib */;
			productType = "com.apple.product-type.library.dynamic";
		};
/* End PBXNativeTarget section */

/* Begin PBXProject section */
		BE1EA9E31E52BA57001A592F /* Project object */ = {
			isa = PBXProject;
			attributes = {
				LastUpgradeCheck = 0810;
				ORGANIZATIONNAME = CoreRobotics;
				TargetAttributes = {
					BE1EA9EA1E52BA57001A592F = {
						CreatedOnToolsVersion = 8.1;
						ProvisioningStyle = Automatic;
					};
				};
			};
			buildConfigurationList = BE1EA9E61E52BA57001A592F /* Build configuration list for PBXProject "CoreRobotics" */;
			compatibilityVersion = "Xcode 3.2";
			developmentRegion = English;
			hasScannedForEncodings = 0;
			knownRegions = (
				en,
			);
			mainGroup = BE1EA9E21E52BA57001A592F;
			productRefGroup = BE1EA9EC1E52BA57001A592F /* Products */;
			projectDirPath = "";
			projectRoot = "";
			targets = (
				BE1EA9EA1E52BA57001A592F /* CoreRobotics */,
			);
		};
/* End PBXProject section */

/* Begin PBXSourcesBuildPhase section */
		BE1EA9E71E52BA57001A592F /* Sources */ = {
			isa = PBXSourcesBuildPhase;
			buildActionMask = 2147483647;
			files = (
				BE50AB161E52BA8F001B1247 /* CRFrameDh.cpp in Sources */,
				BE50AB181E52BA8F001B1247 /* CRFrameEuler.cpp in Sources */,
				BE50AB1A1E52BA8F001B1247 /* CRRigidBody.cpp in Sources */,
				BE50AB111E52BA8F001B1247 /* CRManipulator.cpp in Sources */,
				BE50AB141E52BA8F001B1247 /* CRFrame.cpp in Sources */,
				BE50AB0A1E52BA8F001B1247 /* CRClock.cpp in Sources */,
			);
			runOnlyForDeploymentPostprocessing = 0;
		};
/* End PBXSourcesBuildPhase section */

/* Begin XCBuildConfiguration section */
		BE1EA9ED1E52BA57001A592F /* Debug */ = {
			isa = XCBuildConfiguration;
			buildSettings = {
				ALWAYS_SEARCH_USER_PATHS = NO;
				CLANG_ANALYZER_NONNULL = YES;
				CLANG_CXX_LANGUAGE_STANDARD = "gnu++0x";
				CLANG_CXX_LIBRARY = "libc++";
				CLANG_ENABLE_MODULES = YES;
				CLANG_ENABLE_OBJC_ARC = YES;
				CLANG_WARN_BOOL_CONVERSION = YES;
				CLANG_WARN_CONSTANT_CONVERSION = YES;
				CLANG_WARN_DIRECT_OBJC_ISA_USAGE = YES_ERROR;
				CLANG_WARN_DOCUMENTATION_COMMENTS = YES;
				CLANG_WARN_EMPTY_BODY = YES;
				CLANG_WARN_ENUM_CONVERSION = YES;
				CLANG_WARN_INFINITE_RECURSION = YES;
				CLANG_WARN_INT_CONVERSION = YES;
				CLANG_WARN_OBJC_ROOT_CLASS = YES_ERROR;
				CLANG_WARN_SUSPICIOUS_MOVES = YES;
				CLANG_WARN_UNREACHABLE_CODE = YES;
				CLANG_WARN__DUPLICATE_METHOD_MATCH = YES;
				CODE_SIGN_IDENTITY = "-";
				COPY_PHASE_STRIP = NO;
				DEBUG_INFORMATION_FORMAT = dwarf;
				ENABLE_STRICT_OBJC_MSGSEND = YES;
				ENABLE_TESTABILITY = YES;
				GCC_C_LANGUAGE_STANDARD = gnu99;
				GCC_DYNAMIC_NO_PIC = NO;
				GCC_NO_COMMON_BLOCKS = YES;
				GCC_OPTIMIZATION_LEVEL = 0;
				GCC_PREPROCESSOR_DEFINITIONS = (
					"DEBUG=1",
					"$(inherited)",
				);
				GCC_WARN_64_TO_32_BIT_CONVERSION = YES;
				GCC_WARN_ABOUT_RETURN_TYPE = YES_ERROR;
				GCC_WARN_UNDECLARED_SELECTOR = YES;
				GCC_WARN_UNINITIALIZED_AUTOS = YES_AGGRESSIVE;
				GCC_WARN_UNUSED_FUNCTION = YES;
				GCC_WARN_UNUSED_VARIABLE = YES;
				MACOSX_DEPLOYMENT_TARGET = 10.11;
				MTL_ENABLE_DEBUG_INFO = YES;
				ONLY_ACTIVE_ARCH = YES;
				SDKROOT = macosx;
			};
			name = Debug;
		};
		BE1EA9EE1E52BA57001A592F /* Release */ = {
			isa = XCBuildConfiguration;
			buildSettings = {
				ALWAYS_SEARCH_USER_PATHS = NO;
				CLANG_ANALYZER_NONNULL = YES;
				CLANG_CXX_LANGUAGE_STANDARD = "gnu++0x";
				CLANG_CXX_LIBRARY = "libc++";
				CLANG_ENABLE_MODULES = YES;
				CLANG_ENABLE_OBJC_ARC = YES;
				CLANG_WARN_BOOL_CONVERSION = YES;
				CLANG_WARN_CONSTANT_CONVERSION = YES;
				CLANG_WARN_DIRECT_OBJC_ISA_USAGE = YES_ERROR;
				CLANG_WARN_DOCUMENTATION_COMMENTS = YES;
				CLANG_WARN_EMPTY_BODY = YES;
				CLANG_WARN_ENUM_CONVERSION = YES;
				CLANG_WARN_INFINITE_RECURSION = YES;
				CLANG_WARN_INT_CONVERSION = YES;
				CLANG_WARN_OBJC_ROOT_CLASS = YES_ERROR;
				CLANG_WARN_SUSPICIOUS_MOVES = YES;
				CLANG_WARN_UNREACHABLE_CODE = YES;
				CLANG_WARN__DUPLICATE_METHOD_MATCH = YES;
				CODE_SIGN_IDENTITY = "-";
				COPY_PHASE_STRIP = NO;
				DEBUG_INFORMATION_FORMAT = "dwarf-with-dsym";
				ENABLE_NS_ASSERTIONS = NO;
				ENABLE_STRICT_OBJC_MSGSEND = YES;
				GCC_C_LANGUAGE_STANDARD = gnu99;
				GCC_NO_COMMON_BLOCKS = YES;
				GCC_WARN_64_TO_32_BIT_CONVERSION = YES;
				GCC_WARN_ABOUT_RETURN_TYPE = YES_ERROR;
				GCC_WARN_UNDECLARED_SELECTOR = YES;
				GCC_WARN_UNINITIALIZED_AUTOS = YES_AGGRESSIVE;
				GCC_WARN_UNUSED_FUNCTION = YES;
				GCC_WARN_UNUSED_VARIABLE = YES;
				MACOSX_DEPLOYMENT_TARGET = 10.11;
				MTL_ENABLE_DEBUG_INFO = NO;
				SDKROOT = macosx;
			};
			name = Release;
		};
		BE1EA9F01E52BA57001A592F /* Debug */ = {
			isa = XCBuildConfiguration;
			buildSettings = {
				CONFIGURATION_BUILD_DIR = "$(BUILD_DIR)/$(CONFIGURATION)";
				DYLIB_COMPATIBILITY_VERSION = 1;
				DYLIB_CURRENT_VERSION = 1;
				EXECUTABLE_PREFIX = lib;
				OBJROOT = "obj/$(CONFIGURATION)/mac";
				PRODUCT_NAME = "$(TARGET_NAME)";
				SYMROOT = lib;
				USER_HEADER_SEARCH_PATHS = ./src;
			};
			name = Debug;
		};
		BE1EA9F11E52BA57001A592F /* Release */ = {
			isa = XCBuildConfiguration;
			buildSettings = {
				CONFIGURATION_BUILD_DIR = "$(BUILD_DIR)/$(CONFIGURATION)";
				DEBUG_INFORMATION_FORMAT = dwarf;
				DYLIB_COMPATIBILITY_VERSION = 1;
				DYLIB_CURRENT_VERSION = 1;
				EXECUTABLE_PREFIX = lib;
				OBJROOT = "obj/$(CONFIGURATION)/mac";
				PRODUCT_NAME = "$(TARGET_NAME)";
				SYMROOT = lib;
				USER_HEADER_SEARCH_PATHS = ./src;
			};
			name = Release;
		};
/* End XCBuildConfiguration section */

/* Begin XCConfigurationList section */
		BE1EA9E61E52BA57001A592F /* Build configuration list for PBXProject "CoreRobotics" */ = {
			isa = XCConfigurationList;
			buildConfigurations = (
				BE1EA9ED1E52BA57001A592F /* Debug */,
				BE1EA9EE1E52BA57001A592F /* Release */,
			);
			defaultConfigurationIsVisible = 0;
			defaultConfigurationName = Release;
		};
		BE1EA9EF1E52BA57001A592F /* Build configuration list for PBXNativeTarget "CoreRobotics" */ = {
			isa = XCConfigurationList;
			buildConfigurations = (
				BE1EA9F01E52BA57001A592F /* Debug */,
				BE1EA9F11E52BA57001A592F /* Release */,
			);
			defaultConfigurationIsVisible = 0;
			defaultConfigurationName = Release;
		};
/* End XCConfigurationList section */
	};
	rootObject = BE1EA9E31E52BA57001A592F /* Project object */;
}
