// !$*UTF8*$!
{
	archiveVersion = 1;
	classes = {
	};
	objectVersion = 46;
	objects = {

/* Begin PBXBuildFile section */
		BE46E74A1E3C16DE006754F8 /* CRFrameDh.cpp in Sources */ = {isa = PBXBuildFile; fileRef = BE46E7481E3C16DE006754F8 /* CRFrameDh.cpp */; };
		BEAE34F91E3ADE540040449B /* cr_exampleKinematics.cpp in Sources */ = {isa = PBXBuildFile; fileRef = BEAE34F81E3ADE540040449B /* cr_exampleKinematics.cpp */; };
		BEFDF5231E3BFBF500A1C61E /* CRFrame.cpp in Sources */ = {isa = PBXBuildFile; fileRef = BEFDF51E1E3BFBF500A1C61E /* CRFrame.cpp */; };
		BEFDF5241E3BFBF500A1C61E /* CRFrameEuler.cpp in Sources */ = {isa = PBXBuildFile; fileRef = BEFDF5201E3BFBF500A1C61E /* CRFrameEuler.cpp */; };
/* End PBXBuildFile section */

/* Begin PBXCopyFilesBuildPhase section */
		BEAE34EC1E3ADE090040449B /* CopyFiles */ = {
			isa = PBXCopyFilesBuildPhase;
			buildActionMask = 2147483647;
			dstPath = /usr/share/man/man1/;
			dstSubfolderSpec = 0;
			files = (
			);
			runOnlyForDeploymentPostprocessing = 1;
		};
/* End PBXCopyFilesBuildPhase section */

/* Begin PBXFileReference section */
		BE46E7481E3C16DE006754F8 /* CRFrameDh.cpp */ = {isa = PBXFileReference; fileEncoding = 4; lastKnownFileType = sourcecode.cpp.cpp; path = CRFrameDh.cpp; sourceTree = "<group>"; };
		BE46E7491E3C16DE006754F8 /* CRFrameDh.hpp */ = {isa = PBXFileReference; fileEncoding = 4; lastKnownFileType = sourcecode.cpp.h; path = CRFrameDh.hpp; sourceTree = "<group>"; };
		BEAE34EE1E3ADE090040449B /* cr_exampleKinematics */ = {isa = PBXFileReference; explicitFileType = "compiled.mach-o.executable"; includeInIndex = 0; path = cr_exampleKinematics; sourceTree = BUILT_PRODUCTS_DIR; };
		BEAE34F81E3ADE540040449B /* cr_exampleKinematics.cpp */ = {isa = PBXFileReference; fileEncoding = 4; lastKnownFileType = sourcecode.cpp.cpp; path = cr_exampleKinematics.cpp; sourceTree = SOURCE_ROOT; };
		BEFDF5191E3BFBF500A1C61E /* CoreRobotics.hpp */ = {isa = PBXFileReference; fileEncoding = 4; lastKnownFileType = sourcecode.cpp.h; path = CoreRobotics.hpp; sourceTree = "<group>"; };
		BEFDF51E1E3BFBF500A1C61E /* CRFrame.cpp */ = {isa = PBXFileReference; fileEncoding = 4; lastKnownFileType = sourcecode.cpp.cpp; path = CRFrame.cpp; sourceTree = "<group>"; };
		BEFDF51F1E3BFBF500A1C61E /* CRFrame.hpp */ = {isa = PBXFileReference; fileEncoding = 4; lastKnownFileType = sourcecode.cpp.h; path = CRFrame.hpp; sourceTree = "<group>"; };
		BEFDF5201E3BFBF500A1C61E /* CRFrameEuler.cpp */ = {isa = PBXFileReference; fileEncoding = 4; lastKnownFileType = sourcecode.cpp.cpp; path = CRFrameEuler.cpp; sourceTree = "<group>"; };
		BEFDF5211E3BFBF500A1C61E /* CRFrameEuler.hpp */ = {isa = PBXFileReference; fileEncoding = 4; lastKnownFileType = sourcecode.cpp.h; path = CRFrameEuler.hpp; sourceTree = "<group>"; };
/* End PBXFileReference section */

/* Begin PBXFrameworksBuildPhase section */
		BEAE34EB1E3ADE090040449B /* Frameworks */ = {
			isa = PBXFrameworksBuildPhase;
			buildActionMask = 2147483647;
			files = (
			);
			runOnlyForDeploymentPostprocessing = 0;
		};
/* End PBXFrameworksBuildPhase section */

/* Begin PBXGroup section */
		BEAE34E51E3ADE090040449B = {
			isa = PBXGroup;
			children = (
				BEFDF5161E3BFBF500A1C61E /* src */,
				BEAE34F01E3ADE090040449B /* cr_exampleKinematics */,
				BEAE34EF1E3ADE090040449B /* Products */,
			);
			sourceTree = "<group>";
		};
		BEAE34EF1E3ADE090040449B /* Products */ = {
			isa = PBXGroup;
			children = (
				BEAE34EE1E3ADE090040449B /* cr_exampleKinematics */,
			);
			name = Products;
			sourceTree = "<group>";
		};
		BEAE34F01E3ADE090040449B /* cr_exampleKinematics */ = {
			isa = PBXGroup;
			children = (
				BEAE34F81E3ADE540040449B /* cr_exampleKinematics.cpp */,
			);
			path = cr_exampleKinematics;
			sourceTree = "<group>";
		};
		BEFDF5161E3BFBF500A1C61E /* src */ = {
			isa = PBXGroup;
			children = (
				BEFDF5171E3BFBF500A1C61E /* controllers */,
				BEFDF5181E3BFBF500A1C61E /* core */,
				BEFDF5191E3BFBF500A1C61E /* CoreRobotics.hpp */,
				BEFDF51A1E3BFBF500A1C61E /* estimators */,
				BEFDF51B1E3BFBF500A1C61E /* math */,
				BEFDF51C1E3BFBF500A1C61E /* models */,
				BEFDF51D1E3BFBF500A1C61E /* physics */,
				BEFDF5221E3BFBF500A1C61E /* world */,
			);
			name = src;
			path = ../../src;
			sourceTree = "<group>";
		};
		BEFDF5171E3BFBF500A1C61E /* controllers */ = {
			isa = PBXGroup;
			children = (
			);
			path = controllers;
			sourceTree = "<group>";
		};
		BEFDF5181E3BFBF500A1C61E /* core */ = {
			isa = PBXGroup;
			children = (
			);
			path = core;
			sourceTree = "<group>";
		};
		BEFDF51A1E3BFBF500A1C61E /* estimators */ = {
			isa = PBXGroup;
			children = (
			);
			path = estimators;
			sourceTree = "<group>";
		};
		BEFDF51B1E3BFBF500A1C61E /* math */ = {
			isa = PBXGroup;
			children = (
			);
			path = math;
			sourceTree = "<group>";
		};
		BEFDF51C1E3BFBF500A1C61E /* models */ = {
			isa = PBXGroup;
			children = (
			);
			path = models;
			sourceTree = "<group>";
		};
		BEFDF51D1E3BFBF500A1C61E /* physics */ = {
			isa = PBXGroup;
			children = (
				BE46E7481E3C16DE006754F8 /* CRFrameDh.cpp */,
				BE46E7491E3C16DE006754F8 /* CRFrameDh.hpp */,
				BEFDF51E1E3BFBF500A1C61E /* CRFrame.cpp */,
				BEFDF51F1E3BFBF500A1C61E /* CRFrame.hpp */,
				BEFDF5201E3BFBF500A1C61E /* CRFrameEuler.cpp */,
				BEFDF5211E3BFBF500A1C61E /* CRFrameEuler.hpp */,
			);
			path = physics;
			sourceTree = "<group>";
		};
		BEFDF5221E3BFBF500A1C61E /* world */ = {
			isa = PBXGroup;
			children = (
			);
			path = world;
			sourceTree = "<group>";
		};
/* End PBXGroup section */

/* Begin PBXNativeTarget section */
		BEAE34ED1E3ADE090040449B /* cr_exampleKinematics */ = {
			isa = PBXNativeTarget;
			buildConfigurationList = BEAE34F51E3ADE090040449B /* Build configuration list for PBXNativeTarget "cr_exampleKinematics" */;
			buildPhases = (
				BEAE34EA1E3ADE090040449B /* Sources */,
				BEAE34EB1E3ADE090040449B /* Frameworks */,
				BEAE34EC1E3ADE090040449B /* CopyFiles */,
			);
			buildRules = (
			);
			dependencies = (
			);
			name = cr_exampleKinematics;
			productName = cr_exampleKinematics;
			productReference = BEAE34EE1E3ADE090040449B /* cr_exampleKinematics */;
			productType = "com.apple.product-type.tool";
		};
/* End PBXNativeTarget section */

/* Begin PBXProject section */
		BEAE34E61E3ADE090040449B /* Project object */ = {
			isa = PBXProject;
			attributes = {
				LastUpgradeCheck = 0810;
				ORGANIZATIONNAME = CoreRobotics;
				TargetAttributes = {
					BEAE34ED1E3ADE090040449B = {
						CreatedOnToolsVersion = 8.1;
						ProvisioningStyle = Automatic;
					};
				};
			};
			buildConfigurationList = BEAE34E91E3ADE090040449B /* Build configuration list for PBXProject "cr_exampleKinematics" */;
			compatibilityVersion = "Xcode 3.2";
			developmentRegion = English;
			hasScannedForEncodings = 0;
			knownRegions = (
				en,
			);
			mainGroup = BEAE34E51E3ADE090040449B;
			productRefGroup = BEAE34EF1E3ADE090040449B /* Products */;
			projectDirPath = "";
			projectRoot = "";
			targets = (
				BEAE34ED1E3ADE090040449B /* cr_exampleKinematics */,
			);
		};
/* End PBXProject section */

/* Begin PBXSourcesBuildPhase section */
		BEAE34EA1E3ADE090040449B /* Sources */ = {
			isa = PBXSourcesBuildPhase;
			buildActionMask = 2147483647;
			files = (
				BEFDF5241E3BFBF500A1C61E /* CRFrameEuler.cpp in Sources */,
				BEFDF5231E3BFBF500A1C61E /* CRFrame.cpp in Sources */,
				BE46E74A1E3C16DE006754F8 /* CRFrameDh.cpp in Sources */,
				BEAE34F91E3ADE540040449B /* cr_exampleKinematics.cpp in Sources */,
			);
			runOnlyForDeploymentPostprocessing = 0;
		};
/* End PBXSourcesBuildPhase section */

/* Begin XCBuildConfiguration section */
		BEAE34F31E3ADE090040449B /* Debug */ = {
			isa = XCBuildConfiguration;
			buildSettings = {
				ALWAYS_SEARCH_USER_PATHS = NO;
				CLANG_ANALYZER_NONNULL = YES;
				CLANG_CXX_LANGUAGE_STANDARD = "gnu++0x";
				CLANG_CXX_LIBRARY = "libc++";
				CLANG_ENABLE_MODULES = YES;
				CLANG_ENABLE_OBJC_ARC = YES;
				CLANG_WARN_BOOL_CONVERSION = YES;
				CLANG_WARN_CONSTANT_CONVERSION = YES;
				CLANG_WARN_DIRECT_OBJC_ISA_USAGE = YES_ERROR;
				CLANG_WARN_DOCUMENTATION_COMMENTS = YES;
				CLANG_WARN_EMPTY_BODY = YES;
				CLANG_WARN_ENUM_CONVERSION = YES;
				CLANG_WARN_INFINITE_RECURSION = YES;
				CLANG_WARN_INT_CONVERSION = YES;
				CLANG_WARN_OBJC_ROOT_CLASS = YES_ERROR;
				CLANG_WARN_SUSPICIOUS_MOVES = YES;
				CLANG_WARN_UNREACHABLE_CODE = YES;
				CLANG_WARN__DUPLICATE_METHOD_MATCH = YES;
				CODE_SIGN_IDENTITY = "-";
				COPY_PHASE_STRIP = NO;
				DEBUG_INFORMATION_FORMAT = dwarf;
				ENABLE_STRICT_OBJC_MSGSEND = YES;
				ENABLE_TESTABILITY = YES;
				GCC_C_LANGUAGE_STANDARD = gnu99;
				GCC_DYNAMIC_NO_PIC = NO;
				GCC_NO_COMMON_BLOCKS = YES;
				GCC_OPTIMIZATION_LEVEL = 0;
				GCC_PREPROCESSOR_DEFINITIONS = (
					"DEBUG=1",
					"$(inherited)",
				);
				GCC_WARN_64_TO_32_BIT_CONVERSION = YES;
				GCC_WARN_ABOUT_RETURN_TYPE = YES_ERROR;
				GCC_WARN_UNDECLARED_SELECTOR = YES;
				GCC_WARN_UNINITIALIZED_AUTOS = YES_AGGRESSIVE;
				GCC_WARN_UNUSED_FUNCTION = YES;
				GCC_WARN_UNUSED_VARIABLE = YES;
				MACOSX_DEPLOYMENT_TARGET = 10.11;
				MTL_ENABLE_DEBUG_INFO = YES;
				ONLY_ACTIVE_ARCH = YES;
				SDKROOT = macosx;
				SYMROOT = "../../bin/$(CONFIGURATION)/mac";
			};
			name = Debug;
		};
		BEAE34F41E3ADE090040449B /* Release */ = {
			isa = XCBuildConfiguration;
			buildSettings = {
				ALWAYS_SEARCH_USER_PATHS = NO;
				CLANG_ANALYZER_NONNULL = YES;
				CLANG_CXX_LANGUAGE_STANDARD = "gnu++0x";
				CLANG_CXX_LIBRARY = "libc++";
				CLANG_ENABLE_MODULES = YES;
				CLANG_ENABLE_OBJC_ARC = YES;
				CLANG_WARN_BOOL_CONVERSION = YES;
				CLANG_WARN_CONSTANT_CONVERSION = YES;
				CLANG_WARN_DIRECT_OBJC_ISA_USAGE = YES_ERROR;
				CLANG_WARN_DOCUMENTATION_COMMENTS = YES;
				CLANG_WARN_EMPTY_BODY = YES;
				CLANG_WARN_ENUM_CONVERSION = YES;
				CLANG_WARN_INFINITE_RECURSION = YES;
				CLANG_WARN_INT_CONVERSION = YES;
				CLANG_WARN_OBJC_ROOT_CLASS = YES_ERROR;
				CLANG_WARN_SUSPICIOUS_MOVES = YES;
				CLANG_WARN_UNREACHABLE_CODE = YES;
				CLANG_WARN__DUPLICATE_METHOD_MATCH = YES;
				CODE_SIGN_IDENTITY = "-";
				COPY_PHASE_STRIP = NO;
				DEBUG_INFORMATION_FORMAT = "dwarf-with-dsym";
				ENABLE_NS_ASSERTIONS = NO;
				ENABLE_STRICT_OBJC_MSGSEND = YES;
				GCC_C_LANGUAGE_STANDARD = gnu99;
				GCC_NO_COMMON_BLOCKS = YES;
				GCC_WARN_64_TO_32_BIT_CONVERSION = YES;
				GCC_WARN_ABOUT_RETURN_TYPE = YES_ERROR;
				GCC_WARN_UNDECLARED_SELECTOR = YES;
				GCC_WARN_UNINITIALIZED_AUTOS = YES_AGGRESSIVE;
				GCC_WARN_UNUSED_FUNCTION = YES;
				GCC_WARN_UNUSED_VARIABLE = YES;
				MACOSX_DEPLOYMENT_TARGET = 10.11;
				MTL_ENABLE_DEBUG_INFO = NO;
				SDKROOT = macosx;
				SYMROOT = "../../bin/$(CONFIGURATION)/mac";
			};
			name = Release;
		};
		BEAE34F61E3ADE090040449B /* Debug */ = {
			isa = XCBuildConfiguration;
			buildSettings = {
				CONFIGURATION_BUILD_DIR = "obj/$(CONFIGURATION)/mac";
				HEADER_SEARCH_PATHS = ../../src;
				OBJROOT = "obj/$(CONFIGURATION)/mac";
				PRODUCT_NAME = "$(TARGET_NAME)";
				SYMROOT = "../../bin/$(CONFIGURATION)/mac";
			};
			name = Debug;
		};
		BEAE34F71E3ADE090040449B /* Release */ = {
			isa = XCBuildConfiguration;
			buildSettings = {
				CONFIGURATION_BUILD_DIR = "obj/$(CONFIGURATION)/mac";
				HEADER_SEARCH_PATHS = ../../src;
				OBJROOT = "obj/$(CONFIGURATION)/mac";
				PRODUCT_NAME = "$(TARGET_NAME)";
				SYMROOT = "../../bin/$(CONFIGURATION)/mac";
			};
			name = Release;
		};
/* End XCBuildConfiguration section */

/* Begin XCConfigurationList section */
		BEAE34E91E3ADE090040449B /* Build configuration list for PBXProject "cr_exampleKinematics" */ = {
			isa = XCConfigurationList;
			buildConfigurations = (
				BEAE34F31E3ADE090040449B /* Debug */,
				BEAE34F41E3ADE090040449B /* Release */,
			);
			defaultConfigurationIsVisible = 0;
			defaultConfigurationName = Release;
		};
		BEAE34F51E3ADE090040449B /* Build configuration list for PBXNativeTarget "cr_exampleKinematics" */ = {
			isa = XCConfigurationList;
			buildConfigurations = (
				BEAE34F61E3ADE090040449B /* Debug */,
				BEAE34F71E3ADE090040449B /* Release */,
			);
			defaultConfigurationIsVisible = 0;
			defaultConfigurationName = Release;
		};
/* End XCConfigurationList section */
	};
	rootObject = BEAE34E61E3ADE090040449B /* Project object */;
}
